
Microsoft Visual Studio Solution File, Format Version 12.00
# Visual Studio Version 17
VisualStudioVersion = 17.3.32929.385
MinimumVisualStudioVersion = 10.0.40219.1
Project("{9A19103F-16F7-4668-BE54-9A1E7A4F7556}") = "Onboarding", "Onboarding\Onboarding.csproj", "{976BD4B4-DB21-4216-A543-D5496A123F0F}"
EndProject
Global
	GlobalSection(SolutionConfigurationPlatforms) = preSolution
		Debug|Any CPU = Debug|Any CPU
		Release|Any CPU = Release|Any CPU
	EndGlobalSection
	GlobalSection(ProjectConfigurationPlatforms) = postSolution
		{976BD4B4-DB21-4216-A543-D5496A123F0F}.Debug|Any CPU.ActiveCfg = Debug|Any CPU
		{976BD4B4-DB21-4216-A543-D5496A123F0F}.Debug|Any CPU.Build.0 = Debug|Any CPU
		{976BD4B4-DB21-4216-A543-D5496A123F0F}.Release|Any CPU.ActiveCfg = Release|Any CPU
		{976BD4B4-DB21-4216-A543-D5496A123F0F}.Release|Any CPU.Build.0 = Release|Any CPU
	EndGlobalSection
	GlobalSection(SolutionProperties) = preSolution
		HideSolutionNode = FALSE
	EndGlobalSection
	GlobalSection(ExtensibilityGlobals) = postSolution
		SolutionGuid = {706FBC2B-39EB-4CD1-BA95-303308829439}
	EndGlobalSection
EndGlobal
